
Microsoft Visual Studio Solution File, Format Version 12.00
# Visual Studio Version 17
VisualStudioVersion = 17.3.32819.101
MinimumVisualStudioVersion = 10.0.40219.1
Project("{9A19103F-16F7-4668-BE54-9A1E7A4F7556}") = "MVC-Intro-Demo", "MVC-Intro-Demo\MVC-Intro-Demo.csproj", "{4467471D-9C8D-431E-B17E-10F92C678703}"
EndProject
Project("{FAE04EC0-301F-11D3-BF4B-00C04F79EFBC}") = "ChatApp", "ChatApp\ChatApp.csproj", "{C210D80D-5AA8-4038-86EB-4C7A2C1FA61B}"
EndProject
Project("{FAE04EC0-301F-11D3-BF4B-00C04F79EFBC}") = "Text Splitter", "Text Splitter\Text Splitter.csproj", "{3D663749-6D41-424D-A5F5-510235815E61}"
EndProject
Global
	GlobalSection(SolutionConfigurationPlatforms) = preSolution
		Debug|Any CPU = Debug|Any CPU
		Release|Any CPU = Release|Any CPU
	EndGlobalSection
	GlobalSection(ProjectConfigurationPlatforms) = postSolution
		{4467471D-9C8D-431E-B17E-10F92C678703}.Debug|Any CPU.ActiveCfg = Debug|Any CPU
		{4467471D-9C8D-431E-B17E-10F92C678703}.Debug|Any CPU.Build.0 = Debug|Any CPU
		{4467471D-9C8D-431E-B17E-10F92C678703}.Release|Any CPU.ActiveCfg = Release|Any CPU
		{4467471D-9C8D-431E-B17E-10F92C678703}.Release|Any CPU.Build.0 = Release|Any CPU
		{C210D80D-5AA8-4038-86EB-4C7A2C1FA61B}.Debug|Any CPU.ActiveCfg = Debug|Any CPU
		{C210D80D-5AA8-4038-86EB-4C7A2C1FA61B}.Debug|Any CPU.Build.0 = Debug|Any CPU
		{C210D80D-5AA8-4038-86EB-4C7A2C1FA61B}.Release|Any CPU.ActiveCfg = Release|Any CPU
		{C210D80D-5AA8-4038-86EB-4C7A2C1FA61B}.Release|Any CPU.Build.0 = Release|Any CPU
		{3D663749-6D41-424D-A5F5-510235815E61}.Debug|Any CPU.ActiveCfg = Debug|Any CPU
		{3D663749-6D41-424D-A5F5-510235815E61}.Debug|Any CPU.Build.0 = Debug|Any CPU
		{3D663749-6D41-424D-A5F5-510235815E61}.Release|Any CPU.ActiveCfg = Release|Any CPU
		{3D663749-6D41-424D-A5F5-510235815E61}.Release|Any CPU.Build.0 = Release|Any CPU
	EndGlobalSection
	GlobalSection(SolutionProperties) = preSolution
		HideSolutionNode = FALSE
	EndGlobalSection
	GlobalSection(ExtensibilityGlobals) = postSolution
		SolutionGuid = {AA812D12-775C-4774-8320-6B4232D13525}
	EndGlobalSection
EndGlobal
